
Microsoft Visual Studio Solution File, Format Version 12.00
# Visual Studio 15
VisualStudioVersion = 15.0.28307.168
MinimumVisualStudioVersion = 10.0.40219.1
Project("{8BC9CEB8-8B4A-11D0-8D11-00A0C91BC942}") = "Rozwiazanie 1", "Rozwiazanie 1\Rozwiazanie 1.vcxproj", "{A2277B68-E541-4073-9BA3-0B31CB62B891}"
EndProject
Project("{8BC9CEB8-8B4A-11D0-8D11-00A0C91BC942}") = "Zadanie 1", "Zadanie 1\Zadania 1.vcxproj", "{394DA2B7-F03E-4261-A792-9A6DC2B301BC}"
EndProject
Project("{2150E333-8FDC-42A3-9474-1A3956D46DE8}") = "Zad1", "Zad1", "{8C1DD55F-07A2-49CC-88B8-F7516C2BC5B0}"
EndProject
Project("{2150E333-8FDC-42A3-9474-1A3956D46DE8}") = "Zad2", "Zad2", "{E2B67996-96B1-4784-8D6F-15BABDCE9AE6}"
EndProject
Project("{8BC9CEB8-8B4A-11D0-8D11-00A0C91BC942}") = "Zadanie 2", "Zadanie 2\Zadanie 2.vcxproj", "{F53F9C75-005A-480F-91BC-448A2345CE5F}"
EndProject
Project("{8BC9CEB8-8B4A-11D0-8D11-00A0C91BC942}") = "Rozwiazanie 2", "Rozwiazanie 2\Rozwiazanie 2.vcxproj", "{0A1FA9F9-3FCF-48FE-AD43-8B4FEAFCD0BF}"
EndProject
Project("{2150E333-8FDC-42A3-9474-1A3956D46DE8}") = "Zad3", "Zad3", "{F3FFE6E9-F659-4B67-94A0-34AEDCC1098B}"
EndProject
Project("{8BC9CEB8-8B4A-11D0-8D11-00A0C91BC942}") = "Zadanie 3", "Zadanie 3\Zadanie 3.vcxproj", "{F6957108-3D1F-48FB-9712-E7C18D6960A2}"
EndProject
Project("{8BC9CEB8-8B4A-11D0-8D11-00A0C91BC942}") = "Rozwiazanie 3", "Rozwiazanie 3\Rozwiazanie 3.vcxproj", "{9464CD4C-79DD-4051-83DC-956B8303C7DB}"
EndProject
Project("{2150E333-8FDC-42A3-9474-1A3956D46DE8}") = "Zad4", "Zad4", "{6CCEF5EB-ECCA-4CCA-BC44-F106B122254F}"
EndProject
Project("{8BC9CEB8-8B4A-11D0-8D11-00A0C91BC942}") = "Zadanie 4", "Zadanie 4\Zadanie 4.vcxproj", "{9A6DA062-CA75-4C59-847C-A0AC8E3CCB76}"
EndProject
Project("{8BC9CEB8-8B4A-11D0-8D11-00A0C91BC942}") = "Rozwiazanie 4", "Rozwiazanie 4\Rozwiazanie 4.vcxproj", "{11A68D27-3891-498F-A4C2-DDE6EF2BA0F9}"
EndProject
Global
	GlobalSection(SolutionConfigurationPlatforms) = preSolution
		Debug|x64 = Debug|x64
		Debug|x86 = Debug|x86
		Release|x64 = Release|x64
		Release|x86 = Release|x86
	EndGlobalSection
	GlobalSection(ProjectConfigurationPlatforms) = postSolution
		{A2277B68-E541-4073-9BA3-0B31CB62B891}.Debug|x64.ActiveCfg = Debug|x64
		{A2277B68-E541-4073-9BA3-0B31CB62B891}.Debug|x64.Build.0 = Debug|x64
		{A2277B68-E541-4073-9BA3-0B31CB62B891}.Debug|x86.ActiveCfg = Debug|Win32
		{A2277B68-E541-4073-9BA3-0B31CB62B891}.Debug|x86.Build.0 = Debug|Win32
		{A2277B68-E541-4073-9BA3-0B31CB62B891}.Release|x64.ActiveCfg = Release|x64
		{A2277B68-E541-4073-9BA3-0B31CB62B891}.Release|x64.Build.0 = Release|x64
		{A2277B68-E541-4073-9BA3-0B31CB62B891}.Release|x86.ActiveCfg = Release|Win32
		{A2277B68-E541-4073-9BA3-0B31CB62B891}.Release|x86.Build.0 = Release|Win32
		{394DA2B7-F03E-4261-A792-9A6DC2B301BC}.Debug|x64.ActiveCfg = Debug|x64
		{394DA2B7-F03E-4261-A792-9A6DC2B301BC}.Debug|x64.Build.0 = Debug|x64
		{394DA2B7-F03E-4261-A792-9A6DC2B301BC}.Debug|x86.ActiveCfg = Debug|Win32
		{394DA2B7-F03E-4261-A792-9A6DC2B301BC}.Debug|x86.Build.0 = Debug|Win32
		{394DA2B7-F03E-4261-A792-9A6DC2B301BC}.Release|x64.ActiveCfg = Release|x64
		{394DA2B7-F03E-4261-A792-9A6DC2B301BC}.Release|x64.Build.0 = Release|x64
		{394DA2B7-F03E-4261-A792-9A6DC2B301BC}.Release|x86.ActiveCfg = Release|Win32
		{394DA2B7-F03E-4261-A792-9A6DC2B301BC}.Release|x86.Build.0 = Release|Win32
		{F53F9C75-005A-480F-91BC-448A2345CE5F}.Debug|x64.ActiveCfg = Debug|x64
		{F53F9C75-005A-480F-91BC-448A2345CE5F}.Debug|x64.Build.0 = Debug|x64
		{F53F9C75-005A-480F-91BC-448A2345CE5F}.Debug|x86.ActiveCfg = Debug|Win32
		{F53F9C75-005A-480F-91BC-448A2345CE5F}.Debug|x86.Build.0 = Debug|Win32
		{F53F9C75-005A-480F-91BC-448A2345CE5F}.Release|x64.ActiveCfg = Release|x64
		{F53F9C75-005A-480F-91BC-448A2345CE5F}.Release|x64.Build.0 = Release|x64
		{F53F9C75-005A-480F-91BC-448A2345CE5F}.Release|x86.ActiveCfg = Release|Win32
		{F53F9C75-005A-480F-91BC-448A2345CE5F}.Release|x86.Build.0 = Release|Win32
		{0A1FA9F9-3FCF-48FE-AD43-8B4FEAFCD0BF}.Debug|x64.ActiveCfg = Debug|x64
		{0A1FA9F9-3FCF-48FE-AD43-8B4FEAFCD0BF}.Debug|x64.Build.0 = Debug|x64
		{0A1FA9F9-3FCF-48FE-AD43-8B4FEAFCD0BF}.Debug|x86.ActiveCfg = Debug|Win32
		{0A1FA9F9-3FCF-48FE-AD43-8B4FEAFCD0BF}.Debug|x86.Build.0 = Debug|Win32
		{0A1FA9F9-3FCF-48FE-AD43-8B4FEAFCD0BF}.Release|x64.ActiveCfg = Release|x64
		{0A1FA9F9-3FCF-48FE-AD43-8B4FEAFCD0BF}.Release|x64.Build.0 = Release|x64
		{0A1FA9F9-3FCF-48FE-AD43-8B4FEAFCD0BF}.Release|x86.ActiveCfg = Release|Win32
		{0A1FA9F9-3FCF-48FE-AD43-8B4FEAFCD0BF}.Release|x86.Build.0 = Release|Win32
		{F6957108-3D1F-48FB-9712-E7C18D6960A2}.Debug|x64.ActiveCfg = Debug|x64
		{F6957108-3D1F-48FB-9712-E7C18D6960A2}.Debug|x64.Build.0 = Debug|x64
		{F6957108-3D1F-48FB-9712-E7C18D6960A2}.Debug|x86.ActiveCfg = Debug|Win32
		{F6957108-3D1F-48FB-9712-E7C18D6960A2}.Debug|x86.Build.0 = Debug|Win32
		{F6957108-3D1F-48FB-9712-E7C18D6960A2}.Release|x64.ActiveCfg = Release|x64
		{F6957108-3D1F-48FB-9712-E7C18D6960A2}.Release|x64.Build.0 = Release|x64
		{F6957108-3D1F-48FB-9712-E7C18D6960A2}.Release|x86.ActiveCfg = Release|Win32
		{F6957108-3D1F-48FB-9712-E7C18D6960A2}.Release|x86.Build.0 = Release|Win32
		{9464CD4C-79DD-4051-83DC-956B8303C7DB}.Debug|x64.ActiveCfg = Debug|x64
		{9464CD4C-79DD-4051-83DC-956B8303C7DB}.Debug|x64.Build.0 = Debug|x64
		{9464CD4C-79DD-4051-83DC-956B8303C7DB}.Debug|x86.ActiveCfg = Debug|Win32
		{9464CD4C-79DD-4051-83DC-956B8303C7DB}.Debug|x86.Build.0 = Debug|Win32
		{9464CD4C-79DD-4051-83DC-956B8303C7DB}.Release|x64.ActiveCfg = Release|x64
		{9464CD4C-79DD-4051-83DC-956B8303C7DB}.Release|x64.Build.0 = Release|x64
		{9464CD4C-79DD-4051-83DC-956B8303C7DB}.Release|x86.ActiveCfg = Release|Win32
		{9464CD4C-79DD-4051-83DC-956B8303C7DB}.Release|x86.Build.0 = Release|Win32
		{9A6DA062-CA75-4C59-847C-A0AC8E3CCB76}.Debug|x64.ActiveCfg = Debug|x64
		{9A6DA062-CA75-4C59-847C-A0AC8E3CCB76}.Debug|x64.Build.0 = Debug|x64
		{9A6DA062-CA75-4C59-847C-A0AC8E3CCB76}.Debug|x86.ActiveCfg = Debug|Win32
		{9A6DA062-CA75-4C59-847C-A0AC8E3CCB76}.Debug|x86.Build.0 = Debug|Win32
		{9A6DA062-CA75-4C59-847C-A0AC8E3CCB76}.Release|x64.ActiveCfg = Release|x64
		{9A6DA062-CA75-4C59-847C-A0AC8E3CCB76}.Release|x64.Build.0 = Release|x64
		{9A6DA062-CA75-4C59-847C-A0AC8E3CCB76}.Release|x86.ActiveCfg = Release|Win32
		{9A6DA062-CA75-4C59-847C-A0AC8E3CCB76}.Release|x86.Build.0 = Release|Win32
		{11A68D27-3891-498F-A4C2-DDE6EF2BA0F9}.Debug|x64.ActiveCfg = Debug|x64
		{11A68D27-3891-498F-A4C2-DDE6EF2BA0F9}.Debug|x64.Build.0 = Debug|x64
		{11A68D27-3891-498F-A4C2-DDE6EF2BA0F9}.Debug|x86.ActiveCfg = Debug|Win32
		{11A68D27-3891-498F-A4C2-DDE6EF2BA0F9}.Debug|x86.Build.0 = Debug|Win32
		{11A68D27-3891-498F-A4C2-DDE6EF2BA0F9}.Release|x64.ActiveCfg = Release|x64
		{11A68D27-3891-498F-A4C2-DDE6EF2BA0F9}.Release|x64.Build.0 = Release|x64
		{11A68D27-3891-498F-A4C2-DDE6EF2BA0F9}.Release|x86.ActiveCfg = Release|Win32
		{11A68D27-3891-498F-A4C2-DDE6EF2BA0F9}.Release|x86.Build.0 = Release|Win32
	EndGlobalSection
	GlobalSection(SolutionProperties) = preSolution
		HideSolutionNode = FALSE
	EndGlobalSection
	GlobalSection(NestedProjects) = preSolution
		{A2277B68-E541-4073-9BA3-0B31CB62B891} = {8C1DD55F-07A2-49CC-88B8-F7516C2BC5B0}
		{394DA2B7-F03E-4261-A792-9A6DC2B301BC} = {8C1DD55F-07A2-49CC-88B8-F7516C2BC5B0}
		{F53F9C75-005A-480F-91BC-448A2345CE5F} = {E2B67996-96B1-4784-8D6F-15BABDCE9AE6}
		{0A1FA9F9-3FCF-48FE-AD43-8B4FEAFCD0BF} = {E2B67996-96B1-4784-8D6F-15BABDCE9AE6}
		{F6957108-3D1F-48FB-9712-E7C18D6960A2} = {F3FFE6E9-F659-4B67-94A0-34AEDCC1098B}
		{9464CD4C-79DD-4051-83DC-956B8303C7DB} = {F3FFE6E9-F659-4B67-94A0-34AEDCC1098B}
		{9A6DA062-CA75-4C59-847C-A0AC8E3CCB76} = {6CCEF5EB-ECCA-4CCA-BC44-F106B122254F}
		{11A68D27-3891-498F-A4C2-DDE6EF2BA0F9} = {6CCEF5EB-ECCA-4CCA-BC44-F106B122254F}
	EndGlobalSection
	GlobalSection(ExtensibilityGlobals) = postSolution
		SolutionGuid = {0D7968DB-8E47-4D8A-A1B4-4196A05BC3D2}
	EndGlobalSection
EndGlobal
